
Microsoft Visual Studio Solution File, Format Version 12.00
# Visual Studio Version 17
VisualStudioVersion = 17.9.34728.123
MinimumVisualStudioVersion = 10.0.40219.1
Project("{FAE04EC0-301F-11D3-BF4B-00C04F79EFBC}") = "LovingFreindsBot", "LovingFreindsBot.csproj", "{11E80D08-E2C3-4AF7-93DA-F6B1A54A02FA}"
EndProject
Global
	GlobalSection(SolutionConfigurationPlatforms) = preSolution
		Debug|Any CPU = Debug|Any CPU
		Release|Any CPU = Release|Any CPU
	EndGlobalSection
	GlobalSection(ProjectConfigurationPlatforms) = postSolution
		{11E80D08-E2C3-4AF7-93DA-F6B1A54A02FA}.Debug|Any CPU.ActiveCfg = Debug|Any CPU
		{11E80D08-E2C3-4AF7-93DA-F6B1A54A02FA}.Debug|Any CPU.Build.0 = Debug|Any CPU
		{11E80D08-E2C3-4AF7-93DA-F6B1A54A02FA}.Release|Any CPU.ActiveCfg = Release|Any CPU
		{11E80D08-E2C3-4AF7-93DA-F6B1A54A02FA}.Release|Any CPU.Build.0 = Release|Any CPU
	EndGlobalSection
	GlobalSection(SolutionProperties) = preSolution
		HideSolutionNode = FALSE
	EndGlobalSection
	GlobalSection(ExtensibilityGlobals) = postSolution
		SolutionGuid = {FCBF2B37-BBF8-4E97-B94C-37508885F0E7}
	EndGlobalSection
EndGlobal
